
Microsoft Visual Studio Solution File, Format Version 12.00
# Visual Studio Version 16
VisualStudioVersion = 16.0.30413.136
MinimumVisualStudioVersion = 10.0.40219.1
Project("{FAE04EC0-301F-11D3-BF4B-00C04F79EFBC}") = "TesteXamarin.Android", "TesteXamarin.Android\TesteXamarin.Android.csproj", "{788AF671-8D03-4E93-AFE3-CBFB1ACC305E}"
EndProject
Project("{FAE04EC0-301F-11D3-BF4B-00C04F79EFBC}") = "TesteXamarin.iOS", "TesteXamarin.iOS\TesteXamarin.iOS.csproj", "{35A5C069-0BC9-4A3E-B3BD-7570E3EB238D}"
EndProject
Project("{FAE04EC0-301F-11D3-BF4B-00C04F79EFBC}") = "TesteXamarin", "TesteXamarin\TesteXamarin.csproj", "{57FC1D1E-788C-4B78-B734-4B8F6E3AE1AE}"
EndProject
Global
	GlobalSection(SolutionConfigurationPlatforms) = preSolution
		Debug|Any CPU = Debug|Any CPU
		Debug|iPhone = Debug|iPhone
		Debug|iPhoneSimulator = Debug|iPhoneSimulator
		Release|Any CPU = Release|Any CPU
		Release|iPhone = Release|iPhone
		Release|iPhoneSimulator = Release|iPhoneSimulator
	EndGlobalSection
	GlobalSection(ProjectConfigurationPlatforms) = postSolution
		{788AF671-8D03-4E93-AFE3-CBFB1ACC305E}.Debug|Any CPU.ActiveCfg = Debug|Any CPU
		{788AF671-8D03-4E93-AFE3-CBFB1ACC305E}.Debug|Any CPU.Build.0 = Debug|Any CPU
		{788AF671-8D03-4E93-AFE3-CBFB1ACC305E}.Debug|Any CPU.Deploy.0 = Debug|Any CPU
		{788AF671-8D03-4E93-AFE3-CBFB1ACC305E}.Debug|iPhone.ActiveCfg = Debug|Any CPU
		{788AF671-8D03-4E93-AFE3-CBFB1ACC305E}.Debug|iPhone.Build.0 = Debug|Any CPU
		{788AF671-8D03-4E93-AFE3-CBFB1ACC305E}.Debug|iPhone.Deploy.0 = Debug|Any CPU
		{788AF671-8D03-4E93-AFE3-CBFB1ACC305E}.Debug|iPhoneSimulator.ActiveCfg = Debug|Any CPU
		{788AF671-8D03-4E93-AFE3-CBFB1ACC305E}.Debug|iPhoneSimulator.Build.0 = Debug|Any CPU
		{788AF671-8D03-4E93-AFE3-CBFB1ACC305E}.Debug|iPhoneSimulator.Deploy.0 = Debug|Any CPU
		{788AF671-8D03-4E93-AFE3-CBFB1ACC305E}.Release|Any CPU.ActiveCfg = Release|Any CPU
		{788AF671-8D03-4E93-AFE3-CBFB1ACC305E}.Release|Any CPU.Build.0 = Release|Any CPU
		{788AF671-8D03-4E93-AFE3-CBFB1ACC305E}.Release|Any CPU.Deploy.0 = Release|Any CPU
		{788AF671-8D03-4E93-AFE3-CBFB1ACC305E}.Release|iPhone.ActiveCfg = Release|Any CPU
		{788AF671-8D03-4E93-AFE3-CBFB1ACC305E}.Release|iPhone.Build.0 = Release|Any CPU
		{788AF671-8D03-4E93-AFE3-CBFB1ACC305E}.Release|iPhone.Deploy.0 = Release|Any CPU
		{788AF671-8D03-4E93-AFE3-CBFB1ACC305E}.Release|iPhoneSimulator.ActiveCfg = Release|Any CPU
		{788AF671-8D03-4E93-AFE3-CBFB1ACC305E}.Release|iPhoneSimulator.Build.0 = Release|Any CPU
		{788AF671-8D03-4E93-AFE3-CBFB1ACC305E}.Release|iPhoneSimulator.Deploy.0 = Release|Any CPU
		{35A5C069-0BC9-4A3E-B3BD-7570E3EB238D}.Debug|Any CPU.ActiveCfg = Debug|iPhone
		{35A5C069-0BC9-4A3E-B3BD-7570E3EB238D}.Debug|Any CPU.Build.0 = Debug|iPhone
		{35A5C069-0BC9-4A3E-B3BD-7570E3EB238D}.Debug|Any CPU.Deploy.0 = Debug|iPhone
		{35A5C069-0BC9-4A3E-B3BD-7570E3EB238D}.Debug|iPhone.ActiveCfg = Debug|iPhone
		{35A5C069-0BC9-4A3E-B3BD-7570E3EB238D}.Debug|iPhone.Build.0 = Debug|iPhone
		{35A5C069-0BC9-4A3E-B3BD-7570E3EB238D}.Debug|iPhone.Deploy.0 = Debug|iPhone
		{35A5C069-0BC9-4A3E-B3BD-7570E3EB238D}.Debug|iPhoneSimulator.ActiveCfg = Debug|iPhoneSimulator
		{35A5C069-0BC9-4A3E-B3BD-7570E3EB238D}.Debug|iPhoneSimulator.Build.0 = Debug|iPhoneSimulator
		{35A5C069-0BC9-4A3E-B3BD-7570E3EB238D}.Debug|iPhoneSimulator.Deploy.0 = Debug|iPhoneSimulator
		{35A5C069-0BC9-4A3E-B3BD-7570E3EB238D}.Release|Any CPU.ActiveCfg = Release|iPhone
		{35A5C069-0BC9-4A3E-B3BD-7570E3EB238D}.Release|Any CPU.Build.0 = Release|iPhone
		{35A5C069-0BC9-4A3E-B3BD-7570E3EB238D}.Release|Any CPU.Deploy.0 = Release|iPhone
		{35A5C069-0BC9-4A3E-B3BD-7570E3EB238D}.Release|iPhone.ActiveCfg = Release|iPhone
		{35A5C069-0BC9-4A3E-B3BD-7570E3EB238D}.Release|iPhone.Build.0 = Release|iPhone
		{35A5C069-0BC9-4A3E-B3BD-7570E3EB238D}.Release|iPhone.Deploy.0 = Release|iPhone
		{35A5C069-0BC9-4A3E-B3BD-7570E3EB238D}.Release|iPhoneSimulator.ActiveCfg = Release|iPhoneSimulator
		{35A5C069-0BC9-4A3E-B3BD-7570E3EB238D}.Release|iPhoneSimulator.Build.0 = Release|iPhoneSimulator
		{35A5C069-0BC9-4A3E-B3BD-7570E3EB238D}.Release|iPhoneSimulator.Deploy.0 = Release|iPhoneSimulator
		{57FC1D1E-788C-4B78-B734-4B8F6E3AE1AE}.Debug|Any CPU.ActiveCfg = Debug|Any CPU
		{57FC1D1E-788C-4B78-B734-4B8F6E3AE1AE}.Debug|Any CPU.Build.0 = Debug|Any CPU
		{57FC1D1E-788C-4B78-B734-4B8F6E3AE1AE}.Debug|Any CPU.Deploy.0 = Debug|Any CPU
		{57FC1D1E-788C-4B78-B734-4B8F6E3AE1AE}.Debug|iPhone.ActiveCfg = Debug|Any CPU
		{57FC1D1E-788C-4B78-B734-4B8F6E3AE1AE}.Debug|iPhone.Build.0 = Debug|Any CPU
		{57FC1D1E-788C-4B78-B734-4B8F6E3AE1AE}.Debug|iPhone.Deploy.0 = Debug|Any CPU
		{57FC1D1E-788C-4B78-B734-4B8F6E3AE1AE}.Debug|iPhoneSimulator.ActiveCfg = Debug|Any CPU
		{57FC1D1E-788C-4B78-B734-4B8F6E3AE1AE}.Debug|iPhoneSimulator.Build.0 = Debug|Any CPU
		{57FC1D1E-788C-4B78-B734-4B8F6E3AE1AE}.Debug|iPhoneSimulator.Deploy.0 = Debug|Any CPU
		{57FC1D1E-788C-4B78-B734-4B8F6E3AE1AE}.Release|Any CPU.ActiveCfg = Release|Any CPU
		{57FC1D1E-788C-4B78-B734-4B8F6E3AE1AE}.Release|Any CPU.Build.0 = Release|Any CPU
		{57FC1D1E-788C-4B78-B734-4B8F6E3AE1AE}.Release|Any CPU.Deploy.0 = Release|Any CPU
		{57FC1D1E-788C-4B78-B734-4B8F6E3AE1AE}.Release|iPhone.ActiveCfg = Release|Any CPU
		{57FC1D1E-788C-4B78-B734-4B8F6E3AE1AE}.Release|iPhone.Build.0 = Release|Any CPU
		{57FC1D1E-788C-4B78-B734-4B8F6E3AE1AE}.Release|iPhone.Deploy.0 = Release|Any CPU
		{57FC1D1E-788C-4B78-B734-4B8F6E3AE1AE}.Release|iPhoneSimulator.ActiveCfg = Release|Any CPU
		{57FC1D1E-788C-4B78-B734-4B8F6E3AE1AE}.Release|iPhoneSimulator.Build.0 = Release|Any CPU
		{57FC1D1E-788C-4B78-B734-4B8F6E3AE1AE}.Release|iPhoneSimulator.Deploy.0 = Release|Any CPU
	EndGlobalSection
	GlobalSection(SolutionProperties) = preSolution
		HideSolutionNode = FALSE
	EndGlobalSection
	GlobalSection(ExtensibilityGlobals) = postSolution
		SolutionGuid = {D009F98F-7D33-4C61-8EA4-870F6100E5F5}
	EndGlobalSection
EndGlobal
